
Microsoft Visual Studio Solution File, Format Version 12.00
# Visual Studio Version 17
VisualStudioVersion = 17.14.36518.9
MinimumVisualStudioVersion = 10.0.40219.1
Project("{FAE04EC0-301F-11D3-BF4B-00C04F79EFBC}") = "taskmanager", "taskmanager\taskmanager.csproj", "{3F1D9431-46DC-4B10-B441-C0373C76683E}"
EndProject
Project("{2150E333-8FDC-42A3-9474-1A3956D46DE8}") = "src", "src", "{827E0CD3-B72D-47B6-A68D-7590B98EB39B}"
EndProject
Project("{FAE04EC0-301F-11D3-BF4B-00C04F79EFBC}") = "TaskManager.Domain", "src\TaskManager.Domain\TaskManager.Domain.csproj", "{BE2AC6B8-7978-40A0-B1D2-F7FFB7C73DAA}"
EndProject
Project("{FAE04EC0-301F-11D3-BF4B-00C04F79EFBC}") = "TaskManager.Application", "src\TaskManager.Application\TaskManager.Application.csproj", "{DE38E826-A6D5-43B4-9030-E4F00FF8EF84}"
EndProject
Project("{FAE04EC0-301F-11D3-BF4B-00C04F79EFBC}") = "TaskManager.Infrastructure", "src\TaskManager.Infrastructure\TaskManager.Infrastructure.csproj", "{3DD2C089-9156-4978-8241-C3B11992EBDF}"
EndProject
Project("{FAE04EC0-301F-11D3-BF4B-00C04F79EFBC}") = "TaskManager.Api", "src\TaskManager.Api\TaskManager.Api.csproj", "{3310DCAB-70BA-41DF-9756-0A52B9E3D20D}"
EndProject
Project("{2150E333-8FDC-42A3-9474-1A3956D46DE8}") = "tests", "tests", "{0AB3BF05-4346-4AA6-1389-037BE0695223}"
EndProject
Project("{FAE04EC0-301F-11D3-BF4B-00C04F79EFBC}") = "TaskManager.Domain.Tests", "tests\TaskManager.Domain.Tests\TaskManager.Domain.Tests.csproj", "{F9E2C452-B182-45BC-8869-2CE912422914}"
EndProject
Project("{FAE04EC0-301F-11D3-BF4B-00C04F79EFBC}") = "TaskManager.Application.Tests", "tests\TaskManager.Application.Tests\TaskManager.Application.Tests.csproj", "{DB2B6810-F4B5-47DA-9F5E-C98F4CF9802C}"
EndProject
Global
	GlobalSection(SolutionConfigurationPlatforms) = preSolution
		Debug|Any CPU = Debug|Any CPU
		Debug|x64 = Debug|x64
		Debug|x86 = Debug|x86
		Release|Any CPU = Release|Any CPU
		Release|x64 = Release|x64
		Release|x86 = Release|x86
	EndGlobalSection
	GlobalSection(ProjectConfigurationPlatforms) = postSolution
		{3F1D9431-46DC-4B10-B441-C0373C76683E}.Debug|Any CPU.ActiveCfg = Debug|Any CPU
		{3F1D9431-46DC-4B10-B441-C0373C76683E}.Debug|Any CPU.Build.0 = Debug|Any CPU
		{3F1D9431-46DC-4B10-B441-C0373C76683E}.Debug|x64.ActiveCfg = Debug|Any CPU
		{3F1D9431-46DC-4B10-B441-C0373C76683E}.Debug|x64.Build.0 = Debug|Any CPU
		{3F1D9431-46DC-4B10-B441-C0373C76683E}.Debug|x86.ActiveCfg = Debug|Any CPU
		{3F1D9431-46DC-4B10-B441-C0373C76683E}.Debug|x86.Build.0 = Debug|Any CPU
		{3F1D9431-46DC-4B10-B441-C0373C76683E}.Release|Any CPU.ActiveCfg = Release|Any CPU
		{3F1D9431-46DC-4B10-B441-C0373C76683E}.Release|Any CPU.Build.0 = Release|Any CPU
		{3F1D9431-46DC-4B10-B441-C0373C76683E}.Release|x64.ActiveCfg = Release|Any CPU
		{3F1D9431-46DC-4B10-B441-C0373C76683E}.Release|x64.Build.0 = Release|Any CPU
		{3F1D9431-46DC-4B10-B441-C0373C76683E}.Release|x86.ActiveCfg = Release|Any CPU
		{3F1D9431-46DC-4B10-B441-C0373C76683E}.Release|x86.Build.0 = Release|Any CPU
		{BE2AC6B8-7978-40A0-B1D2-F7FFB7C73DAA}.Debug|Any CPU.ActiveCfg = Debug|Any CPU
		{BE2AC6B8-7978-40A0-B1D2-F7FFB7C73DAA}.Debug|Any CPU.Build.0 = Debug|Any CPU
		{BE2AC6B8-7978-40A0-B1D2-F7FFB7C73DAA}.Debug|x64.ActiveCfg = Debug|Any CPU
		{BE2AC6B8-7978-40A0-B1D2-F7FFB7C73DAA}.Debug|x64.Build.0 = Debug|Any CPU
		{BE2AC6B8-7978-40A0-B1D2-F7FFB7C73DAA}.Debug|x86.ActiveCfg = Debug|Any CPU
		{BE2AC6B8-7978-40A0-B1D2-F7FFB7C73DAA}.Debug|x86.Build.0 = Debug|Any CPU
		{BE2AC6B8-7978-40A0-B1D2-F7FFB7C73DAA}.Release|Any CPU.ActiveCfg = Release|Any CPU
		{BE2AC6B8-7978-40A0-B1D2-F7FFB7C73DAA}.Release|Any CPU.Build.0 = Release|Any CPU
		{BE2AC6B8-7978-40A0-B1D2-F7FFB7C73DAA}.Release|x64.ActiveCfg = Release|Any CPU
		{BE2AC6B8-7978-40A0-B1D2-F7FFB7C73DAA}.Release|x64.Build.0 = Release|Any CPU
		{BE2AC6B8-7978-40A0-B1D2-F7FFB7C73DAA}.Release|x86.ActiveCfg = Release|Any CPU
		{BE2AC6B8-7978-40A0-B1D2-F7FFB7C73DAA}.Release|x86.Build.0 = Release|Any CPU
		{DE38E826-A6D5-43B4-9030-E4F00FF8EF84}.Debug|Any CPU.ActiveCfg = Debug|Any CPU
		{DE38E826-A6D5-43B4-9030-E4F00FF8EF84}.Debug|Any CPU.Build.0 = Debug|Any CPU
		{DE38E826-A6D5-43B4-9030-E4F00FF8EF84}.Debug|x64.ActiveCfg = Debug|Any CPU
		{DE38E826-A6D5-43B4-9030-E4F00FF8EF84}.Debug|x64.Build.0 = Debug|Any CPU
		{DE38E826-A6D5-43B4-9030-E4F00FF8EF84}.Debug|x86.ActiveCfg = Debug|Any CPU
		{DE38E826-A6D5-43B4-9030-E4F00FF8EF84}.Debug|x86.Build.0 = Debug|Any CPU
		{DE38E826-A6D5-43B4-9030-E4F00FF8EF84}.Release|Any CPU.ActiveCfg = Release|Any CPU
		{DE38E826-A6D5-43B4-9030-E4F00FF8EF84}.Release|Any CPU.Build.0 = Release|Any CPU
		{DE38E826-A6D5-43B4-9030-E4F00FF8EF84}.Release|x64.ActiveCfg = Release|Any CPU
		{DE38E826-A6D5-43B4-9030-E4F00FF8EF84}.Release|x64.Build.0 = Release|Any CPU
		{DE38E826-A6D5-43B4-9030-E4F00FF8EF84}.Release|x86.ActiveCfg = Release|Any CPU
		{DE38E826-A6D5-43B4-9030-E4F00FF8EF84}.Release|x86.Build.0 = Release|Any CPU
		{3DD2C089-9156-4978-8241-C3B11992EBDF}.Debug|Any CPU.ActiveCfg = Debug|Any CPU
		{3DD2C089-9156-4978-8241-C3B11992EBDF}.Debug|Any CPU.Build.0 = Debug|Any CPU
		{3DD2C089-9156-4978-8241-C3B11992EBDF}.Debug|x64.ActiveCfg = Debug|Any CPU
		{3DD2C089-9156-4978-8241-C3B11992EBDF}.Debug|x64.Build.0 = Debug|Any CPU
		{3DD2C089-9156-4978-8241-C3B11992EBDF}.Debug|x86.ActiveCfg = Debug|Any CPU
		{3DD2C089-9156-4978-8241-C3B11992EBDF}.Debug|x86.Build.0 = Debug|Any CPU
		{3DD2C089-9156-4978-8241-C3B11992EBDF}.Release|Any CPU.ActiveCfg = Release|Any CPU
		{3DD2C089-9156-4978-8241-C3B11992EBDF}.Release|Any CPU.Build.0 = Release|Any CPU
		{3DD2C089-9156-4978-8241-C3B11992EBDF}.Release|x64.ActiveCfg = Release|Any CPU
		{3DD2C089-9156-4978-8241-C3B11992EBDF}.Release|x64.Build.0 = Release|Any CPU
		{3DD2C089-9156-4978-8241-C3B11992EBDF}.Release|x86.ActiveCfg = Release|Any CPU
		{3DD2C089-9156-4978-8241-C3B11992EBDF}.Release|x86.Build.0 = Release|Any CPU
		{3310DCAB-70BA-41DF-9756-0A52B9E3D20D}.Debug|Any CPU.ActiveCfg = Debug|Any CPU
		{3310DCAB-70BA-41DF-9756-0A52B9E3D20D}.Debug|Any CPU.Build.0 = Debug|Any CPU
		{3310DCAB-70BA-41DF-9756-0A52B9E3D20D}.Debug|x64.ActiveCfg = Debug|Any CPU
		{3310DCAB-70BA-41DF-9756-0A52B9E3D20D}.Debug|x64.Build.0 = Debug|Any CPU
		{3310DCAB-70BA-41DF-9756-0A52B9E3D20D}.Debug|x86.ActiveCfg = Debug|Any CPU
		{3310DCAB-70BA-41DF-9756-0A52B9E3D20D}.Debug|x86.Build.0 = Debug|Any CPU
		{3310DCAB-70BA-41DF-9756-0A52B9E3D20D}.Release|Any CPU.ActiveCfg = Release|Any CPU
		{3310DCAB-70BA-41DF-9756-0A52B9E3D20D}.Release|Any CPU.Build.0 = Release|Any CPU
		{3310DCAB-70BA-41DF-9756-0A52B9E3D20D}.Release|x64.ActiveCfg = Release|Any CPU
		{3310DCAB-70BA-41DF-9756-0A52B9E3D20D}.Release|x64.Build.0 = Release|Any CPU
		{3310DCAB-70BA-41DF-9756-0A52B9E3D20D}.Release|x86.ActiveCfg = Release|Any CPU
		{3310DCAB-70BA-41DF-9756-0A52B9E3D20D}.Release|x86.Build.0 = Release|Any CPU
		{F9E2C452-B182-45BC-8869-2CE912422914}.Debug|Any CPU.ActiveCfg = Debug|Any CPU
		{F9E2C452-B182-45BC-8869-2CE912422914}.Debug|Any CPU.Build.0 = Debug|Any CPU
		{F9E2C452-B182-45BC-8869-2CE912422914}.Debug|x64.ActiveCfg = Debug|Any CPU
		{F9E2C452-B182-45BC-8869-2CE912422914}.Debug|x64.Build.0 = Debug|Any CPU
		{F9E2C452-B182-45BC-8869-2CE912422914}.Debug|x86.ActiveCfg = Debug|Any CPU
		{F9E2C452-B182-45BC-8869-2CE912422914}.Debug|x86.Build.0 = Debug|Any CPU
		{F9E2C452-B182-45BC-8869-2CE912422914}.Release|Any CPU.ActiveCfg = Release|Any CPU
		{F9E2C452-B182-45BC-8869-2CE912422914}.Release|Any CPU.Build.0 = Release|Any CPU
		{F9E2C452-B182-45BC-8869-2CE912422914}.Release|x64.ActiveCfg = Release|Any CPU
		{F9E2C452-B182-45BC-8869-2CE912422914}.Release|x64.Build.0 = Release|Any CPU
		{F9E2C452-B182-45BC-8869-2CE912422914}.Release|x86.ActiveCfg = Release|Any CPU
		{F9E2C452-B182-45BC-8869-2CE912422914}.Release|x86.Build.0 = Release|Any CPU
		{DB2B6810-F4B5-47DA-9F5E-C98F4CF9802C}.Debug|Any CPU.ActiveCfg = Debug|Any CPU
		{DB2B6810-F4B5-47DA-9F5E-C98F4CF9802C}.Debug|Any CPU.Build.0 = Debug|Any CPU
		{DB2B6810-F4B5-47DA-9F5E-C98F4CF9802C}.Debug|x64.ActiveCfg = Debug|Any CPU
		{DB2B6810-F4B5-47DA-9F5E-C98F4CF9802C}.Debug|x64.Build.0 = Debug|Any CPU
		{DB2B6810-F4B5-47DA-9F5E-C98F4CF9802C}.Debug|x86.ActiveCfg = Debug|Any CPU
		{DB2B6810-F4B5-47DA-9F5E-C98F4CF9802C}.Debug|x86.Build.0 = Debug|Any CPU
		{DB2B6810-F4B5-47DA-9F5E-C98F4CF9802C}.Release|Any CPU.ActiveCfg = Release|Any CPU
		{DB2B6810-F4B5-47DA-9F5E-C98F4CF9802C}.Release|Any CPU.Build.0 = Release|Any CPU
		{DB2B6810-F4B5-47DA-9F5E-C98F4CF9802C}.Release|x64.ActiveCfg = Release|Any CPU
		{DB2B6810-F4B5-47DA-9F5E-C98F4CF9802C}.Release|x64.Build.0 = Release|Any CPU
		{DB2B6810-F4B5-47DA-9F5E-C98F4CF9802C}.Release|x86.ActiveCfg = Release|Any CPU
		{DB2B6810-F4B5-47DA-9F5E-C98F4CF9802C}.Release|x86.Build.0 = Release|Any CPU
	EndGlobalSection
	GlobalSection(SolutionProperties) = preSolution
		HideSolutionNode = FALSE
	EndGlobalSection
	GlobalSection(NestedProjects) = preSolution
		{BE2AC6B8-7978-40A0-B1D2-F7FFB7C73DAA} = {827E0CD3-B72D-47B6-A68D-7590B98EB39B}
		{DE38E826-A6D5-43B4-9030-E4F00FF8EF84} = {827E0CD3-B72D-47B6-A68D-7590B98EB39B}
		{3DD2C089-9156-4978-8241-C3B11992EBDF} = {827E0CD3-B72D-47B6-A68D-7590B98EB39B}
		{3310DCAB-70BA-41DF-9756-0A52B9E3D20D} = {827E0CD3-B72D-47B6-A68D-7590B98EB39B}
		{F9E2C452-B182-45BC-8869-2CE912422914} = {0AB3BF05-4346-4AA6-1389-037BE0695223}
		{DB2B6810-F4B5-47DA-9F5E-C98F4CF9802C} = {0AB3BF05-4346-4AA6-1389-037BE0695223}
	EndGlobalSection
	GlobalSection(ExtensibilityGlobals) = postSolution
		SolutionGuid = {D978242F-0CA2-4167-8231-5791F56205C4}
	EndGlobalSection
EndGlobal
